
Microsoft Visual Studio Solution File, Format Version 12.00
# Visual Studio Version 17
VisualStudioVersion = 17.11.35222.181
MinimumVisualStudioVersion = 10.0.40219.1
Project("{FAE04EC0-301F-11D3-BF4B-00C04F79EFBC}") = "GestionVente", "GestionVente\GestionVente.csproj", "{C06AF344-B2B8-4CE9-8B0E-64E7637E5663}"
EndProject
Global
	GlobalSection(SolutionConfigurationPlatforms) = preSolution
		Debug|Any CPU = Debug|Any CPU
		Release|Any CPU = Release|Any CPU
	EndGlobalSection
	GlobalSection(ProjectConfigurationPlatforms) = postSolution
		{C06AF344-B2B8-4CE9-8B0E-64E7637E5663}.Debug|Any CPU.ActiveCfg = Debug|Any CPU
		{C06AF344-B2B8-4CE9-8B0E-64E7637E5663}.Debug|Any CPU.Build.0 = Debug|Any CPU
		{C06AF344-B2B8-4CE9-8B0E-64E7637E5663}.Release|Any CPU.ActiveCfg = Release|Any CPU
		{C06AF344-B2B8-4CE9-8B0E-64E7637E5663}.Release|Any CPU.Build.0 = Release|Any CPU
	EndGlobalSection
	GlobalSection(SolutionProperties) = preSolution
		HideSolutionNode = FALSE
	EndGlobalSection
	GlobalSection(ExtensibilityGlobals) = postSolution
		SolutionGuid = {5F770E02-77F2-4ED6-9493-0AC8093E4EAB}
	EndGlobalSection
EndGlobal
