
Microsoft Visual Studio Solution File, Format Version 12.00
# Visual Studio Version 17
VisualStudioVersion = 17.3.32922.545
MinimumVisualStudioVersion = 10.0.40219.1
Project("{FAE04EC0-301F-11D3-BF4B-00C04F79EFBC}") = "ap3", "ap3\ap3.csproj", "{8E376B41-4B67-4F18-838C-6B902835A237}"
EndProject
Global
	GlobalSection(SolutionConfigurationPlatforms) = preSolution
		Debug|Any CPU = Debug|Any CPU
		Release|Any CPU = Release|Any CPU
	EndGlobalSection
	GlobalSection(ProjectConfigurationPlatforms) = postSolution
		{8E376B41-4B67-4F18-838C-6B902835A237}.Debug|Any CPU.ActiveCfg = Debug|Any CPU
		{8E376B41-4B67-4F18-838C-6B902835A237}.Debug|Any CPU.Build.0 = Debug|Any CPU
		{8E376B41-4B67-4F18-838C-6B902835A237}.Release|Any CPU.ActiveCfg = Release|Any CPU
		{8E376B41-4B67-4F18-838C-6B902835A237}.Release|Any CPU.Build.0 = Release|Any CPU
	EndGlobalSection
	GlobalSection(SolutionProperties) = preSolution
		HideSolutionNode = FALSE
	EndGlobalSection
	GlobalSection(ExtensibilityGlobals) = postSolution
		SolutionGuid = {14A91A2A-A29E-4AC9-98F7-A35EAB451B30}
	EndGlobalSection
EndGlobal
