
Microsoft Visual Studio Solution File, Format Version 12.00
# Visual Studio Version 17
VisualStudioVersion = 17.3.32922.545
MinimumVisualStudioVersion = 10.0.40219.1
Project("{FAE04EC0-301F-11D3-BF4B-00C04F79EFBC}") = "entrainement_classe", "entrainement_classe\entrainement_classe.csproj", "{9DACDDA7-05C7-47D3-B3C1-B677EF6BE311}"
EndProject
Project("{2150E333-8FDC-42A3-9474-1A3956D46DE8}") = "Éléments de solution", "Éléments de solution", "{42C1F146-778B-4287-A721-9AE169EACEE1}"
EndProject
Global
	GlobalSection(SolutionConfigurationPlatforms) = preSolution
		Debug|Any CPU = Debug|Any CPU
		Release|Any CPU = Release|Any CPU
	EndGlobalSection
	GlobalSection(ProjectConfigurationPlatforms) = postSolution
		{9DACDDA7-05C7-47D3-B3C1-B677EF6BE311}.Debug|Any CPU.ActiveCfg = Debug|Any CPU
		{9DACDDA7-05C7-47D3-B3C1-B677EF6BE311}.Debug|Any CPU.Build.0 = Debug|Any CPU
		{9DACDDA7-05C7-47D3-B3C1-B677EF6BE311}.Release|Any CPU.ActiveCfg = Release|Any CPU
		{9DACDDA7-05C7-47D3-B3C1-B677EF6BE311}.Release|Any CPU.Build.0 = Release|Any CPU
	EndGlobalSection
	GlobalSection(SolutionProperties) = preSolution
		HideSolutionNode = FALSE
	EndGlobalSection
	GlobalSection(ExtensibilityGlobals) = postSolution
		SolutionGuid = {22F3A786-187F-4942-851E-75E4728FB0EE}
	EndGlobalSection
EndGlobal
