
Microsoft Visual Studio Solution File, Format Version 12.00
# Visual Studio Version 17
VisualStudioVersion = 17.3.32922.545
MinimumVisualStudioVersion = 10.0.40219.1
Project("{FAE04EC0-301F-11D3-BF4B-00C04F79EFBC}") = "AP3V", "AP3V\AP3V.csproj", "{4193C025-1C1B-403E-AE92-CB97E5187153}"
EndProject
Global
	GlobalSection(SolutionConfigurationPlatforms) = preSolution
		Debug|Any CPU = Debug|Any CPU
		Release|Any CPU = Release|Any CPU
	EndGlobalSection
	GlobalSection(ProjectConfigurationPlatforms) = postSolution
		{4193C025-1C1B-403E-AE92-CB97E5187153}.Debug|Any CPU.ActiveCfg = Debug|Any CPU
		{4193C025-1C1B-403E-AE92-CB97E5187153}.Debug|Any CPU.Build.0 = Debug|Any CPU
		{4193C025-1C1B-403E-AE92-CB97E5187153}.Release|Any CPU.ActiveCfg = Release|Any CPU
		{4193C025-1C1B-403E-AE92-CB97E5187153}.Release|Any CPU.Build.0 = Release|Any CPU
	EndGlobalSection
	GlobalSection(SolutionProperties) = preSolution
		HideSolutionNode = FALSE
	EndGlobalSection
	GlobalSection(ExtensibilityGlobals) = postSolution
		SolutionGuid = {F7BBD5B0-FAFB-4AD1-9883-D045065E6375}
	EndGlobalSection
EndGlobal
